{
  "name": "id-strava-heatmap-extension",
  "version": "0",
  "lockfileVersion": 3,
  "requires": true,
  "packages": {
    "": {
      "name": "id-strava-heatmap-extension",
      "version": "0",
      "license": "MIT",
      "devDependencies": {
        "commander": "^13.1.0"
      }
    },
    "node_modules/commander": {
      "version": "13.1.0",
      "resolved": "https://registry.npmjs.org/commander/-/commander-13.1.0.tgz",
      "integrity": "sha512-/rFeCpNJQbhSZjGVwO9RFV3xPqbnERS8MmIQzCtD/zl6gpJuV/bMLuN92oG3F7d8oDEHHRrujSXNUr8fpjntKw==",
      "dev": true,
      "license": "MIT",
      "engines": {
        "node": ">=18"
      }
    }
  }
}
